
Microsoft Visual Studio Solution File, Format Version 12.00
# Visual Studio Version 16
VisualStudioVersion = 16.0.30225.117
MinimumVisualStudioVersion = 10.0.40219.1
Project("{9A19103F-16F7-4668-BE54-9A1E7A4F7556}") = "BrowserGameEngine.FrontendServer", "BrowserGameEngine.FrontendServer\BrowserGameEngine.FrontendServer.csproj", "{7886BEF1-87C7-45E9-8C78-4748BD1541FE}"
EndProject
Project("{9A19103F-16F7-4668-BE54-9A1E7A4F7556}") = "BrowserGameEngine.BlazorClient", "BrowserGameEngine.BlazorClient\BrowserGameEngine.BlazorClient.csproj", "{DF22E9D9-B918-4701-9A27-B856E99DCDB6}"
EndProject
Project("{9A19103F-16F7-4668-BE54-9A1E7A4F7556}") = "BrowserGameEngine.Shared", "BrowserGameEngine.Shared\BrowserGameEngine.Shared.csproj", "{74702CE3-F8D3-42F6-B007-E89E1B5D96BD}"
EndProject
Project("{9A19103F-16F7-4668-BE54-9A1E7A4F7556}") = "BrowserGameEngine.StatefulGameServer", "BrowserGameEngine.StatefulGameServer\BrowserGameEngine.StatefulGameServer.csproj", "{9185C862-041D-4818-A105-94B99427C76E}"
EndProject
Project("{9A19103F-16F7-4668-BE54-9A1E7A4F7556}") = "BrowserGameEngine.GameModel", "BrowserGameEngine.GameModel\BrowserGameEngine.GameModel.csproj", "{D8221E45-47F3-471D-B4F3-D4A0709D020E}"
EndProject
Project("{FAE04EC0-301F-11D3-BF4B-00C04F79EFBC}") = "BrowserGameEngine.GameDefinition", "BrowserGameEngine.GameDefinition\BrowserGameEngine.GameDefinition.csproj", "{736EBF1E-75F3-4385-BBEC-0468E5ED60CF}"
EndProject
Global
	GlobalSection(SolutionConfigurationPlatforms) = preSolution
		Debug|Any CPU = Debug|Any CPU
		Release|Any CPU = Release|Any CPU
	EndGlobalSection
	GlobalSection(ProjectConfigurationPlatforms) = postSolution
		{7886BEF1-87C7-45E9-8C78-4748BD1541FE}.Debug|Any CPU.ActiveCfg = Debug|Any CPU
		{7886BEF1-87C7-45E9-8C78-4748BD1541FE}.Debug|Any CPU.Build.0 = Debug|Any CPU
		{7886BEF1-87C7-45E9-8C78-4748BD1541FE}.Release|Any CPU.ActiveCfg = Release|Any CPU
		{7886BEF1-87C7-45E9-8C78-4748BD1541FE}.Release|Any CPU.Build.0 = Release|Any CPU
		{DF22E9D9-B918-4701-9A27-B856E99DCDB6}.Debug|Any CPU.ActiveCfg = Debug|Any CPU
		{DF22E9D9-B918-4701-9A27-B856E99DCDB6}.Debug|Any CPU.Build.0 = Debug|Any CPU
		{DF22E9D9-B918-4701-9A27-B856E99DCDB6}.Release|Any CPU.ActiveCfg = Release|Any CPU
		{DF22E9D9-B918-4701-9A27-B856E99DCDB6}.Release|Any CPU.Build.0 = Release|Any CPU
		{74702CE3-F8D3-42F6-B007-E89E1B5D96BD}.Debug|Any CPU.ActiveCfg = Debug|Any CPU
		{74702CE3-F8D3-42F6-B007-E89E1B5D96BD}.Debug|Any CPU.Build.0 = Debug|Any CPU
		{74702CE3-F8D3-42F6-B007-E89E1B5D96BD}.Release|Any CPU.ActiveCfg = Release|Any CPU
		{74702CE3-F8D3-42F6-B007-E89E1B5D96BD}.Release|Any CPU.Build.0 = Release|Any CPU
		{9185C862-041D-4818-A105-94B99427C76E}.Debug|Any CPU.ActiveCfg = Debug|Any CPU
		{9185C862-041D-4818-A105-94B99427C76E}.Debug|Any CPU.Build.0 = Debug|Any CPU
		{9185C862-041D-4818-A105-94B99427C76E}.Release|Any CPU.ActiveCfg = Release|Any CPU
		{9185C862-041D-4818-A105-94B99427C76E}.Release|Any CPU.Build.0 = Release|Any CPU
		{D8221E45-47F3-471D-B4F3-D4A0709D020E}.Debug|Any CPU.ActiveCfg = Debug|Any CPU
		{D8221E45-47F3-471D-B4F3-D4A0709D020E}.Debug|Any CPU.Build.0 = Debug|Any CPU
		{D8221E45-47F3-471D-B4F3-D4A0709D020E}.Release|Any CPU.ActiveCfg = Release|Any CPU
		{D8221E45-47F3-471D-B4F3-D4A0709D020E}.Release|Any CPU.Build.0 = Release|Any CPU
		{736EBF1E-75F3-4385-BBEC-0468E5ED60CF}.Debug|Any CPU.ActiveCfg = Debug|Any CPU
		{736EBF1E-75F3-4385-BBEC-0468E5ED60CF}.Debug|Any CPU.Build.0 = Debug|Any CPU
		{736EBF1E-75F3-4385-BBEC-0468E5ED60CF}.Release|Any CPU.ActiveCfg = Release|Any CPU
		{736EBF1E-75F3-4385-BBEC-0468E5ED60CF}.Release|Any CPU.Build.0 = Release|Any CPU
	EndGlobalSection
	GlobalSection(SolutionProperties) = preSolution
		HideSolutionNode = FALSE
	EndGlobalSection
	GlobalSection(ExtensibilityGlobals) = postSolution
		SolutionGuid = {F18177E3-6123-4901-ADC2-32D1D2B9EC5B}
	EndGlobalSection
EndGlobal
